
Microsoft Visual Studio Solution File, Format Version 12.00
# Visual Studio Version 16
VisualStudioVersion = 16.0.31402.337
MinimumVisualStudioVersion = 10.0.40219.1
Project("{9A19103F-16F7-4668-BE54-9A1E7A4F7556}") = "Servidor", "Servidor.csproj", "{13886B8D-A925-4A6D-B5C3-2D19AFF7B7BC}"
EndProject
Global
	GlobalSection(SolutionConfigurationPlatforms) = preSolution
		Debug|Any CPU = Debug|Any CPU
		Release|Any CPU = Release|Any CPU
	EndGlobalSection
	GlobalSection(ProjectConfigurationPlatforms) = postSolution
		{13886B8D-A925-4A6D-B5C3-2D19AFF7B7BC}.Debug|Any CPU.ActiveCfg = Debug|Any CPU
		{13886B8D-A925-4A6D-B5C3-2D19AFF7B7BC}.Debug|Any CPU.Build.0 = Debug|Any CPU
		{13886B8D-A925-4A6D-B5C3-2D19AFF7B7BC}.Release|Any CPU.ActiveCfg = Release|Any CPU
		{13886B8D-A925-4A6D-B5C3-2D19AFF7B7BC}.Release|Any CPU.Build.0 = Release|Any CPU
	EndGlobalSection
	GlobalSection(SolutionProperties) = preSolution
		HideSolutionNode = FALSE
	EndGlobalSection
	GlobalSection(ExtensibilityGlobals) = postSolution
		SolutionGuid = {A6E20BC6-31C8-43D8-8DA1-C8DE4DFDE76A}
	EndGlobalSection
EndGlobal
